
Microsoft Visual Studio Solution File, Format Version 12.00
# Visual Studio Version 16
VisualStudioVersion = 16.0.31112.23
MinimumVisualStudioVersion = 10.0.40219.1
Project("{9A19103F-16F7-4668-BE54-9A1E7A4F7556}") = "ChatClient", "SimpleChatApp\ChatClient.csproj", "{B0F3D29A-DAFB-4DFF-A868-5A0EFC6AB7CA}"
EndProject
Global
	GlobalSection(SolutionConfigurationPlatforms) = preSolution
		Debug|Any CPU = Debug|Any CPU
		Release|Any CPU = Release|Any CPU
	EndGlobalSection
	GlobalSection(ProjectConfigurationPlatforms) = postSolution
		{B0F3D29A-DAFB-4DFF-A868-5A0EFC6AB7CA}.Debug|Any CPU.ActiveCfg = Debug|Any CPU
		{B0F3D29A-DAFB-4DFF-A868-5A0EFC6AB7CA}.Debug|Any CPU.Build.0 = Debug|Any CPU
		{B0F3D29A-DAFB-4DFF-A868-5A0EFC6AB7CA}.Release|Any CPU.ActiveCfg = Release|Any CPU
		{B0F3D29A-DAFB-4DFF-A868-5A0EFC6AB7CA}.Release|Any CPU.Build.0 = Release|Any CPU
	EndGlobalSection
	GlobalSection(SolutionProperties) = preSolution
		HideSolutionNode = FALSE
	EndGlobalSection
	GlobalSection(ExtensibilityGlobals) = postSolution
		SolutionGuid = {DAD0EA8C-B427-41C2-ACA8-E9024F4DA972}
	EndGlobalSection
EndGlobal
